
Microsoft Visual Studio Solution File, Format Version 12.00
# Visual Studio Version 16
VisualStudioVersion = 16.0.30523.141
MinimumVisualStudioVersion = 10.0.40219.1
Project("{FAE04EC0-301F-11D3-BF4B-00C04F79EFBC}") = "Proiect_Muresan_Andrei-Cristian", "Proiect_Muresan_Andrei-Cristian.csproj", "{ACA04DEB-CE96-41CD-AF8B-A6E65F60BB40}"
EndProject
Global
	GlobalSection(SolutionConfigurationPlatforms) = preSolution
		Debug|Any CPU = Debug|Any CPU
		Release|Any CPU = Release|Any CPU
	EndGlobalSection
	GlobalSection(ProjectConfigurationPlatforms) = postSolution
		{ACA04DEB-CE96-41CD-AF8B-A6E65F60BB40}.Debug|Any CPU.ActiveCfg = Debug|Any CPU
		{ACA04DEB-CE96-41CD-AF8B-A6E65F60BB40}.Debug|Any CPU.Build.0 = Debug|Any CPU
		{ACA04DEB-CE96-41CD-AF8B-A6E65F60BB40}.Release|Any CPU.ActiveCfg = Release|Any CPU
		{ACA04DEB-CE96-41CD-AF8B-A6E65F60BB40}.Release|Any CPU.Build.0 = Release|Any CPU
	EndGlobalSection
	GlobalSection(SolutionProperties) = preSolution
		HideSolutionNode = FALSE
	EndGlobalSection
	GlobalSection(ExtensibilityGlobals) = postSolution
		SolutionGuid = {DE522A24-86CA-4A57-B8DF-E3C9780E0D1B}
	EndGlobalSection
EndGlobal
